{
  "name": "codex-plusplus-linux",
  "version": "0.1.1",
  "lockfileVersion": 3,
  "requires": true,
  "packages": {
    "": {
      "name": "codex-plusplus-linux",
      "version": "0.1.1",
      "cpu": [
        "x64"
      ],
      "license": "MIT",
      "os": [
        "linux"
      ],
      "dependencies": {
        "@openai/codex": "^0.128.0",
        "codex-app-linux": "^26.429.30905-launcher.26"
      },
      "bin": {
        "codex-plusplus-linux": "bin/codex-plusplus-linux.js",
        "codex++": "bin/codex-plusplus-linux.js"
      },
      "engines": {
        "node": ">=20"
      }
    },
    "node_modules/@electron/asar": {
      "version": "4.2.0",
      "resolved": "https://registry.npmjs.org/@electron/asar/-/asar-4.2.0.tgz",
      "integrity": "sha512-npW1NW5yy8EB9XY/vEw9sUdgmq0sJEhmSBb6bqyFOAw1CSkrhvAvO6QWlW8CdIMo8VN1lkdF345l/MeW0LrY0Q==",
      "license": "MIT",
      "dependencies": {
        "commander": "^13.1.0",
        "glob": "^13.0.2",
        "minimatch": "^10.0.1"
      },
      "bin": {
        "asar": "bin/asar.mjs"
      },
      "engines": {
        "node": ">=22.12.0"
      }
    },
    "node_modules/@openai/codex": {
      "version": "0.128.0",
      "resolved": "https://registry.npmjs.org/@openai/codex/-/codex-0.128.0.tgz",
      "integrity": "sha512-+xp6ODmFfBNnexIWRHApEaPXot2j6gyM8A5we/5IS/uY4eYHj4arETct4hQ5M4eO+MK7JY3ZU4xhuobhlysr0A==",
      "license": "Apache-2.0",
      "bin": {
        "codex": "bin/codex.js"
      },
      "engines": {
        "node": ">=16"
      },
      "optionalDependencies": {
        "@openai/codex-darwin-arm64": "npm:@openai/codex@0.128.0-darwin-arm64",
        "@openai/codex-darwin-x64": "npm:@openai/codex@0.128.0-darwin-x64",
        "@openai/codex-linux-arm64": "npm:@openai/codex@0.128.0-linux-arm64",
        "@openai/codex-linux-x64": "npm:@openai/codex@0.128.0-linux-x64",
        "@openai/codex-win32-arm64": "npm:@openai/codex@0.128.0-win32-arm64",
        "@openai/codex-win32-x64": "npm:@openai/codex@0.128.0-win32-x64"
      }
    },
    "node_modules/@openai/codex-darwin-arm64": {
      "name": "@openai/codex",
      "version": "0.128.0-darwin-arm64",
      "resolved": "https://registry.npmjs.org/@openai/codex/-/codex-0.128.0-darwin-arm64.tgz",
      "integrity": "sha512-w+6zohfHx/kHBdles/CyFKaY57u9I3nK8QI9+NrdwMliKA0b7xn13yblRNkMpe09j6vL1oAWoxYsMOQ/vjBGug==",
      "cpu": [
        "arm64"
      ],
      "license": "Apache-2.0",
      "optional": true,
      "os": [
        "darwin"
      ],
      "engines": {
        "node": ">=16"
      }
    },
    "node_modules/@openai/codex-darwin-x64": {
      "name": "@openai/codex",
      "version": "0.128.0-darwin-x64",
      "resolved": "https://registry.npmjs.org/@openai/codex/-/codex-0.128.0-darwin-x64.tgz",
      "integrity": "sha512-SDbn6fO22Puy8xmMIbZi4f2znMrUEPwABApke4mo+4ihaauwuVjeqzXvW5SPJz5ty/bG11/mSupQgReT7T8BBw==",
      "cpu": [
        "x64"
      ],
      "license": "Apache-2.0",
      "optional": true,
      "os": [
        "darwin"
      ],
      "engines": {
        "node": ">=16"
      }
    },
    "node_modules/@openai/codex-linux-arm64": {
      "name": "@openai/codex",
      "version": "0.128.0-linux-arm64",
      "resolved": "https://registry.npmjs.org/@openai/codex/-/codex-0.128.0-linux-arm64.tgz",
      "integrity": "sha512-+SvH73H60qvCXFuQGP/EsmR//s1hHMBR22PvJkXvM/hdnTIGucx+JqRUjAWdmmQ1IU6j3kgwVvdLW/6ICB+M6w==",
      "cpu": [
        "arm64"
      ],
      "license": "Apache-2.0",
      "optional": true,
      "os": [
        "linux"
      ],
      "engines": {
        "node": ">=16"
      }
    },
    "node_modules/@openai/codex-linux-x64": {
      "name": "@openai/codex",
      "version": "0.128.0-linux-x64",
      "resolved": "https://registry.npmjs.org/@openai/codex/-/codex-0.128.0-linux-x64.tgz",
      "integrity": "sha512-2lnSPA05CRRuKAzFW8BCmmNCSieDcToLwfC2ALLbBYilGLgzhRibjlDglK9F1BkEzfohSSWJu4PBbRu/aG60lQ==",
      "cpu": [
        "x64"
      ],
      "license": "Apache-2.0",
      "optional": true,
      "os": [
        "linux"
      ],
      "engines": {
        "node": ">=16"
      }
    },
    "node_modules/@openai/codex-win32-arm64": {
      "name": "@openai/codex",
      "version": "0.128.0-win32-arm64",
      "resolved": "https://registry.npmjs.org/@openai/codex/-/codex-0.128.0-win32-arm64.tgz",
      "integrity": "sha512-ECJvsqmYFdA9pn42xxK3Odp/G16AjmBW0BglX8L0PwPjqbstbmlew9bfHf7xvL+SNfNl4NmyotW0+RNo1phgaA==",
      "cpu": [
        "arm64"
      ],
      "license": "Apache-2.0",
      "optional": true,
      "os": [
        "win32"
      ],
      "engines": {
        "node": ">=16"
      }
    },
    "node_modules/@openai/codex-win32-x64": {
      "name": "@openai/codex",
      "version": "0.128.0-win32-x64",
      "resolved": "https://registry.npmjs.org/@openai/codex/-/codex-0.128.0-win32-x64.tgz",
      "integrity": "sha512-k3jmUAFrzkUtvjGTXvSKjQqJLLlzjxp/VoHJDYedgmXUn6j70HxK38IwapzmnYfiBiTuzETvGwjXHzZgzKjhoQ==",
      "cpu": [
        "x64"
      ],
      "license": "Apache-2.0",
      "optional": true,
      "os": [
        "win32"
      ],
      "engines": {
        "node": ">=16"
      }
    },
    "node_modules/balanced-match": {
      "version": "4.0.4",
      "resolved": "https://registry.npmjs.org/balanced-match/-/balanced-match-4.0.4.tgz",
      "integrity": "sha512-BLrgEcRTwX2o6gGxGOCNyMvGSp35YofuYzw9h1IMTRmKqttAZZVU67bdb9Pr2vUHA8+j3i2tJfjO6C6+4myGTA==",
      "license": "MIT",
      "engines": {
        "node": "18 || 20 || >=22"
      }
    },
    "node_modules/brace-expansion": {
      "version": "5.0.5",
      "resolved": "https://registry.npmjs.org/brace-expansion/-/brace-expansion-5.0.5.tgz",
      "integrity": "sha512-VZznLgtwhn+Mact9tfiwx64fA9erHH/MCXEUfB/0bX/6Fz6ny5EGTXYltMocqg4xFAQZtnO3DHWWXi8RiuN7cQ==",
      "license": "MIT",
      "dependencies": {
        "balanced-match": "^4.0.2"
      },
      "engines": {
        "node": "18 || 20 || >=22"
      }
    },
    "node_modules/codex-app-linux": {
      "version": "26.429.30905-launcher.26",
      "resolved": "https://registry.npmjs.org/codex-app-linux/-/codex-app-linux-26.429.30905-launcher.26.tgz",
      "integrity": "sha512-wC3gzSh5pFi8kUBwznljdHHR8RHdbHJ1K6g/B+SflFHMR+/lKzCRsNmq7Cmprigrtcghb7VBMtKx72MOu0D5sA==",
      "cpu": [
        "x64"
      ],
      "license": "UNLICENSED",
      "os": [
        "linux"
      ],
      "dependencies": {
        "@electron/asar": "^4.1.0",
        "ws": "^8.20.0"
      },
      "bin": {
        "codex-app-linux": "bin/codex-app-linux.mjs"
      },
      "engines": {
        "node": ">=20"
      }
    },
    "node_modules/commander": {
      "version": "13.1.0",
      "resolved": "https://registry.npmjs.org/commander/-/commander-13.1.0.tgz",
      "integrity": "sha512-/rFeCpNJQbhSZjGVwO9RFV3xPqbnERS8MmIQzCtD/zl6gpJuV/bMLuN92oG3F7d8oDEHHRrujSXNUr8fpjntKw==",
      "license": "MIT",
      "engines": {
        "node": ">=18"
      }
    },
    "node_modules/glob": {
      "version": "13.0.6",
      "resolved": "https://registry.npmjs.org/glob/-/glob-13.0.6.tgz",
      "integrity": "sha512-Wjlyrolmm8uDpm/ogGyXZXb1Z+Ca2B8NbJwqBVg0axK9GbBeoS7yGV6vjXnYdGm6X53iehEuxxbyiKp8QmN4Vw==",
      "license": "BlueOak-1.0.0",
      "dependencies": {
        "minimatch": "^10.2.2",
        "minipass": "^7.1.3",
        "path-scurry": "^2.0.2"
      },
      "engines": {
        "node": "18 || 20 || >=22"
      },
      "funding": {
        "url": "https://github.com/sponsors/isaacs"
      }
    },
    "node_modules/lru-cache": {
      "version": "11.3.6",
      "resolved": "https://registry.npmjs.org/lru-cache/-/lru-cache-11.3.6.tgz",
      "integrity": "sha512-Gf/KoL3C/MlI7Bt0PGI9I+TeTC/I6r/csU58N4BSNc4lppLBeKsOdFYkK+dX0ABDUMJNfCHTyPpzwwO21Awd3A==",
      "license": "BlueOak-1.0.0",
      "engines": {
        "node": "20 || >=22"
      }
    },
    "node_modules/minimatch": {
      "version": "10.2.5",
      "resolved": "https://registry.npmjs.org/minimatch/-/minimatch-10.2.5.tgz",
      "integrity": "sha512-MULkVLfKGYDFYejP07QOurDLLQpcjk7Fw+7jXS2R2czRQzR56yHRveU5NDJEOviH+hETZKSkIk5c+T23GjFUMg==",
      "license": "BlueOak-1.0.0",
      "dependencies": {
        "brace-expansion": "^5.0.5"
      },
      "engines": {
        "node": "18 || 20 || >=22"
      },
      "funding": {
        "url": "https://github.com/sponsors/isaacs"
      }
    },
    "node_modules/minipass": {
      "version": "7.1.3",
      "resolved": "https://registry.npmjs.org/minipass/-/minipass-7.1.3.tgz",
      "integrity": "sha512-tEBHqDnIoM/1rXME1zgka9g6Q2lcoCkxHLuc7ODJ5BxbP5d4c2Z5cGgtXAku59200Cx7diuHTOYfSBD8n6mm8A==",
      "license": "BlueOak-1.0.0",
      "engines": {
        "node": ">=16 || 14 >=14.17"
      }
    },
    "node_modules/path-scurry": {
      "version": "2.0.2",
      "resolved": "https://registry.npmjs.org/path-scurry/-/path-scurry-2.0.2.tgz",
      "integrity": "sha512-3O/iVVsJAPsOnpwWIeD+d6z/7PmqApyQePUtCndjatj/9I5LylHvt5qluFaBT3I5h3r1ejfR056c+FCv+NnNXg==",
      "license": "BlueOak-1.0.0",
      "dependencies": {
        "lru-cache": "^11.0.0",
        "minipass": "^7.1.2"
      },
      "engines": {
        "node": "18 || 20 || >=22"
      },
      "funding": {
        "url": "https://github.com/sponsors/isaacs"
      }
    },
    "node_modules/ws": {
      "version": "8.20.0",
      "resolved": "https://registry.npmjs.org/ws/-/ws-8.20.0.tgz",
      "integrity": "sha512-sAt8BhgNbzCtgGbt2OxmpuryO63ZoDk/sqaB/znQm94T4fCEsy/yV+7CdC1kJhOU9lboAEU7R3kquuycDoibVA==",
      "license": "MIT",
      "engines": {
        "node": ">=10.0.0"
      },
      "peerDependencies": {
        "bufferutil": "^4.0.1",
        "utf-8-validate": ">=5.0.2"
      },
      "peerDependenciesMeta": {
        "bufferutil": {
          "optional": true
        },
        "utf-8-validate": {
          "optional": true
        }
      }
    }
  }
}
